
Microsoft Visual Studio Solution File, Format Version 12.00
# Visual Studio 15
VisualStudioVersion = 15.0.27703.2047
MinimumVisualStudioVersion = 10.0.40219.1
Project("{FAE04EC0-301F-11D3-BF4B-00C04F79EFBC}") = "LastCapstone", "LastCapstone\LastCapstone.csproj", "{B0893F82-8F0A-4682-8BDD-54378D163C5D}"
EndProject
Global
	GlobalSection(SolutionConfigurationPlatforms) = preSolution
		Debug|Any CPU = Debug|Any CPU
		Release|Any CPU = Release|Any CPU
	EndGlobalSection
	GlobalSection(ProjectConfigurationPlatforms) = postSolution
		{B0893F82-8F0A-4682-8BDD-54378D163C5D}.Debug|Any CPU.ActiveCfg = Debug|Any CPU
		{B0893F82-8F0A-4682-8BDD-54378D163C5D}.Debug|Any CPU.Build.0 = Debug|Any CPU
		{B0893F82-8F0A-4682-8BDD-54378D163C5D}.Release|Any CPU.ActiveCfg = Release|Any CPU
		{B0893F82-8F0A-4682-8BDD-54378D163C5D}.Release|Any CPU.Build.0 = Release|Any CPU
	EndGlobalSection
	GlobalSection(SolutionProperties) = preSolution
		HideSolutionNode = FALSE
	EndGlobalSection
	GlobalSection(ExtensibilityGlobals) = postSolution
		SolutionGuid = {0025098D-5635-4C97-BB86-6C07910C073B}
	EndGlobalSection
EndGlobal
